
Microsoft Visual Studio Solution File, Format Version 12.00
# Visual Studio 14
VisualStudioVersion = 14.0.25420.1
MinimumVisualStudioVersion = 10.0.40219.1
Project("{FAE04EC0-301F-11D3-BF4B-00C04F79EFBC}") = "FRONTEND", "FRONTEND\FRONTEND.csproj", "{8EEB8053-5A54-4595-BB93-92E6BDF064CF}"
EndProject
Project("{FAE04EC0-301F-11D3-BF4B-00C04F79EFBC}") = "BACKEND", "BACKEND\BACKEND.csproj", "{AADEECF1-06BA-4B85-931F-D4D0971D0F8A}"
EndProject
Global
	GlobalSection(SolutionConfigurationPlatforms) = preSolution
		Debug|Any CPU = Debug|Any CPU
		Release|Any CPU = Release|Any CPU
	EndGlobalSection
	GlobalSection(ProjectConfigurationPlatforms) = postSolution
		{8EEB8053-5A54-4595-BB93-92E6BDF064CF}.Debug|Any CPU.ActiveCfg = Debug|Any CPU
		{8EEB8053-5A54-4595-BB93-92E6BDF064CF}.Debug|Any CPU.Build.0 = Debug|Any CPU
		{8EEB8053-5A54-4595-BB93-92E6BDF064CF}.Release|Any CPU.ActiveCfg = Release|Any CPU
		{8EEB8053-5A54-4595-BB93-92E6BDF064CF}.Release|Any CPU.Build.0 = Release|Any CPU
		{AADEECF1-06BA-4B85-931F-D4D0971D0F8A}.Debug|Any CPU.ActiveCfg = Debug|Any CPU
		{AADEECF1-06BA-4B85-931F-D4D0971D0F8A}.Debug|Any CPU.Build.0 = Debug|Any CPU
		{AADEECF1-06BA-4B85-931F-D4D0971D0F8A}.Release|Any CPU.ActiveCfg = Release|Any CPU
		{AADEECF1-06BA-4B85-931F-D4D0971D0F8A}.Release|Any CPU.Build.0 = Release|Any CPU
	EndGlobalSection
	GlobalSection(SolutionProperties) = preSolution
		HideSolutionNode = FALSE
	EndGlobalSection
EndGlobal
